
Microsoft Visual Studio Solution File, Format Version 12.00
# Visual Studio Version 16
VisualStudioVersion = 16.0.30011.22
MinimumVisualStudioVersion = 10.0.40219.1
Project("{FAE04EC0-301F-11D3-BF4B-00C04F79EFBC}") = "TimedMathQuiz", "TimedMathQuiz\TimedMathQuiz.csproj", "{18D9BEC2-7101-473D-B255-ACEC5F174430}"
EndProject
Global
	GlobalSection(SolutionConfigurationPlatforms) = preSolution
		Debug|Any CPU = Debug|Any CPU
		Release|Any CPU = Release|Any CPU
	EndGlobalSection
	GlobalSection(ProjectConfigurationPlatforms) = postSolution
		{18D9BEC2-7101-473D-B255-ACEC5F174430}.Debug|Any CPU.ActiveCfg = Debug|Any CPU
		{18D9BEC2-7101-473D-B255-ACEC5F174430}.Debug|Any CPU.Build.0 = Debug|Any CPU
		{18D9BEC2-7101-473D-B255-ACEC5F174430}.Release|Any CPU.ActiveCfg = Release|Any CPU
		{18D9BEC2-7101-473D-B255-ACEC5F174430}.Release|Any CPU.Build.0 = Release|Any CPU
	EndGlobalSection
	GlobalSection(SolutionProperties) = preSolution
		HideSolutionNode = FALSE
	EndGlobalSection
	GlobalSection(ExtensibilityGlobals) = postSolution
		SolutionGuid = {BBC48A05-25A0-4849-B92F-B1087E40144C}
	EndGlobalSection
EndGlobal
